
Microsoft Visual Studio Solution File, Format Version 12.00
# Visual Studio 15
VisualStudioVersion = 15.0.28307.271
MinimumVisualStudioVersion = 10.0.40219.1
Project("{8BC9CEB8-8B4A-11D0-8D11-00A0C91BC942}") = "Instrument", "Instrument\Instrument.vcxproj", "{32086442-3F99-463C-963D-D4AE3C3E8105}"
EndProject
Project("{8BC9CEB8-8B4A-11D0-8D11-00A0C91BC942}") = "Employee", "Employee\Employee.vcxproj", "{3D88F6D8-EDF4-4060-A542-67E500A27B87}"
EndProject
Project("{8BC9CEB8-8B4A-11D0-8D11-00A0C91BC942}") = "Ship", "Ship\Ship.vcxproj", "{5702E116-07FD-4103-BB6B-4C1A50253BAB}"
EndProject
Global
	GlobalSection(SolutionConfigurationPlatforms) = preSolution
		Debug|x64 = Debug|x64
		Debug|x86 = Debug|x86
		Release|x64 = Release|x64
		Release|x86 = Release|x86
	EndGlobalSection
	GlobalSection(ProjectConfigurationPlatforms) = postSolution
		{32086442-3F99-463C-963D-D4AE3C3E8105}.Debug|x64.ActiveCfg = Debug|x64
		{32086442-3F99-463C-963D-D4AE3C3E8105}.Debug|x64.Build.0 = Debug|x64
		{32086442-3F99-463C-963D-D4AE3C3E8105}.Debug|x86.ActiveCfg = Debug|Win32
		{32086442-3F99-463C-963D-D4AE3C3E8105}.Debug|x86.Build.0 = Debug|Win32
		{32086442-3F99-463C-963D-D4AE3C3E8105}.Release|x64.ActiveCfg = Release|x64
		{32086442-3F99-463C-963D-D4AE3C3E8105}.Release|x64.Build.0 = Release|x64
		{32086442-3F99-463C-963D-D4AE3C3E8105}.Release|x86.ActiveCfg = Release|Win32
		{32086442-3F99-463C-963D-D4AE3C3E8105}.Release|x86.Build.0 = Release|Win32
		{3D88F6D8-EDF4-4060-A542-67E500A27B87}.Debug|x64.ActiveCfg = Debug|x64
		{3D88F6D8-EDF4-4060-A542-67E500A27B87}.Debug|x64.Build.0 = Debug|x64
		{3D88F6D8-EDF4-4060-A542-67E500A27B87}.Debug|x86.ActiveCfg = Debug|Win32
		{3D88F6D8-EDF4-4060-A542-67E500A27B87}.Debug|x86.Build.0 = Debug|Win32
		{3D88F6D8-EDF4-4060-A542-67E500A27B87}.Release|x64.ActiveCfg = Release|x64
		{3D88F6D8-EDF4-4060-A542-67E500A27B87}.Release|x64.Build.0 = Release|x64
		{3D88F6D8-EDF4-4060-A542-67E500A27B87}.Release|x86.ActiveCfg = Release|Win32
		{3D88F6D8-EDF4-4060-A542-67E500A27B87}.Release|x86.Build.0 = Release|Win32
		{5702E116-07FD-4103-BB6B-4C1A50253BAB}.Debug|x64.ActiveCfg = Debug|x64
		{5702E116-07FD-4103-BB6B-4C1A50253BAB}.Debug|x64.Build.0 = Debug|x64
		{5702E116-07FD-4103-BB6B-4C1A50253BAB}.Debug|x86.ActiveCfg = Debug|Win32
		{5702E116-07FD-4103-BB6B-4C1A50253BAB}.Debug|x86.Build.0 = Debug|Win32
		{5702E116-07FD-4103-BB6B-4C1A50253BAB}.Release|x64.ActiveCfg = Release|x64
		{5702E116-07FD-4103-BB6B-4C1A50253BAB}.Release|x64.Build.0 = Release|x64
		{5702E116-07FD-4103-BB6B-4C1A50253BAB}.Release|x86.ActiveCfg = Release|Win32
		{5702E116-07FD-4103-BB6B-4C1A50253BAB}.Release|x86.Build.0 = Release|Win32
	EndGlobalSection
	GlobalSection(SolutionProperties) = preSolution
		HideSolutionNode = FALSE
	EndGlobalSection
	GlobalSection(ExtensibilityGlobals) = postSolution
		SolutionGuid = {C1F97B70-7607-462F-8D0F-AD91E11E2A56}
	EndGlobalSection
EndGlobal
